// !$*UTF8*$!
{
	archiveVersion = 1;
	classes = {
	};
	objectVersion = 46;
	objects = {

/* Begin PBXBuildFile section */
		D38AA3021BE214BF00BB1679 /* AppDelegate.swift in Sources */ = {isa = PBXBuildFile; fileRef = D38AA3011BE214BF00BB1679 /* AppDelegate.swift */; };
		D38AA3041BE214BF00BB1679 /* ViewController.swift in Sources */ = {isa = PBXBuildFile; fileRef = D38AA3031BE214BF00BB1679 /* ViewController.swift */; };
		D38AA3071BE214BF00BB1679 /* Main.storyboard in Resources */ = {isa = PBXBuildFile; fileRef = D38AA3051BE214BF00BB1679 /* Main.storyboard */; };
		D38AA3091BE214BF00BB1679 /* Assets.xcassets in Resources */ = {isa = PBXBuildFile; fileRef = D38AA3081BE214BF00BB1679 /* Assets.xcassets */; };
		D38AA30C1BE214BF00BB1679 /* LaunchScreen.storyboard in Resources */ = {isa = PBXBuildFile; fileRef = D38AA30A1BE214BF00BB1679 /* LaunchScreen.storyboard */; };
		D38AA3141BE218E400BB1679 /* PersonCell.swift in Sources */ = {isa = PBXBuildFile; fileRef = D38AA3131BE218E300BB1679 /* PersonCell.swift */; settings = {ASSET_TAGS = (); }; };
		D38AA3161BE2281E00BB1679 /* Person.swift in Sources */ = {isa = PBXBuildFile; fileRef = D38AA3151BE2281E00BB1679 /* Person.swift */; settings = {ASSET_TAGS = (); }; };
/* End PBXBuildFile section */

/* Begin PBXFileReference section */
		D38AA2FE1BE214BE00BB1679 /* 10-NameToFace.app */ = {isa = PBXFileReference; explicitFileType = wrapper.application; includeInIndex = 0; path = "10-NameToFace.app"; sourceTree = BUILT_PRODUCTS_DIR; };
		D38AA3011BE214BF00BB1679 /* AppDelegate.swift */ = {isa = PBXFileReference; lastKnownFileType = sourcecode.swift; path = AppDelegate.swift; sourceTree = "<group>"; };
		D38AA3031BE214BF00BB1679 /* ViewController.swift */ = {isa = PBXFileReference; lastKnownFileType = sourcecode.swift; path = ViewController.swift; sourceTree = "<group>"; };
		D38AA3061BE214BF00BB1679 /* Base */ = {isa = PBXFileReference; lastKnownFileType = file.storyboard; name = Base; path = Base.lproj/Main.storyboard; sourceTree = "<group>"; };
		D38AA3081BE214BF00BB1679 /* Assets.xcassets */ = {isa = PBXFileReference; lastKnownFileType = folder.assetcatalog; path = Assets.xcassets; sourceTree = "<group>"; };
		D38AA30B1BE214BF00BB1679 /* Base */ = {isa = PBXFileReference; lastKnownFileType = file.storyboard; name = Base; path = Base.lproj/LaunchScreen.storyboard; sourceTree = "<group>"; };
		D38AA30D1BE214BF00BB1679 /* Info.plist */ = {isa = PBXFileReference; lastKnownFileType = text.plist.xml; path = Info.plist; sourceTree = "<group>"; };
		D38AA3131BE218E300BB1679 /* PersonCell.swift */ = {isa = PBXFileReference; fileEncoding = 4; lastKnownFileType = sourcecode.swift; path = PersonCell.swift; sourceTree = "<group>"; };
		D38AA3151BE2281E00BB1679 /* Person.swift */ = {isa = PBXFileReference; fileEncoding = 4; lastKnownFileType = sourcecode.swift; path = Person.swift; sourceTree = "<group>"; };
/* End PBXFileReference section */

/* Begin PBXFrameworksBuildPhase section */
		D38AA2FB1BE214BE00BB1679 /* Frameworks */ = {
			isa = PBXFrameworksBuildPhase;
			buildActionMask = 2147483647;
			files = (
			);
			runOnlyForDeploymentPostprocessing = 0;
		};
/* End PBXFrameworksBuildPhase section */

/* Begin PBXGroup section */
		D38AA2F51BE214BD00BB1679 = {
			isa = PBXGroup;
			children = (
				D38AA3001BE214BF00BB1679 /* 10-NameToFace */,
				D38AA2FF1BE214BE00BB1679 /* Products */,
			);
			sourceTree = "<group>";
		};
		D38AA2FF1BE214BE00BB1679 /* Products */ = {
			isa = PBXGroup;
			children = (
				D38AA2FE1BE214BE00BB1679 /* 10-NameToFace.app */,
			);
			name = Products;
			sourceTree = "<group>";
		};
		D38AA3001BE214BF00BB1679 /* 10-NameToFace */ = {
			isa = PBXGroup;
			children = (
				D38AA3011BE214BF00BB1679 /* AppDelegate.swift */,
				D38AA3031BE214BF00BB1679 /* ViewController.swift */,
				D38AA3131BE218E300BB1679 /* PersonCell.swift */,
				D38AA3051BE214BF00BB1679 /* Main.storyboard */,
				D38AA3081BE214BF00BB1679 /* Assets.xcassets */,
				D38AA30A1BE214BF00BB1679 /* LaunchScreen.storyboard */,
				D38AA30D1BE214BF00BB1679 /* Info.plist */,
				D38AA3151BE2281E00BB1679 /* Person.swift */,
			);
			path = "10-NameToFace";
			sourceTree = "<group>";
		};
/* End PBXGroup section */

/* Begin PBXNativeTarget section */
		D38AA2FD1BE214BE00BB1679 /* 10-NameToFace */ = {
			isa = PBXNativeTarget;
			buildConfigurationList = D38AA3101BE214BF00BB1679 /* Build configuration list for PBXNativeTarget "10-NameToFace" */;
			buildPhases = (
				D38AA2FA1BE214BE00BB1679 /* Sources */,
				D38AA2FB1BE214BE00BB1679 /* Frameworks */,
				D38AA2FC1BE214BE00BB1679 /* Resources */,
			);
			buildRules = (
			);
			dependencies = (
			);
			name = "10-NameToFace";
			productName = "10-NameToFace";
			productReference = D38AA2FE1BE214BE00BB1679 /* 10-NameToFace.app */;
			productType = "com.apple.product-type.application";
		};
/* End PBXNativeTarget section */

/* Begin PBXProject section */
		D38AA2F61BE214BD00BB1679 /* Project object */ = {
			isa = PBXProject;
			attributes = {
				LastUpgradeCheck = 0700;
				ORGANIZATIONNAME = 3Smurfs;
				TargetAttributes = {
					D38AA2FD1BE214BE00BB1679 = {
						CreatedOnToolsVersion = 7.0;
						DevelopmentTeam = JZ92YFTR72;
					};
				};
			};
			buildConfigurationList = D38AA2F91BE214BE00BB1679 /* Build configuration list for PBXProject "10-NameToFace" */;
			compatibilityVersion = "Xcode 3.2";
			developmentRegion = English;
			hasScannedForEncodings = 0;
			knownRegions = (
				en,
				Base,
			);
			mainGroup = D38AA2F51BE214BD00BB1679;
			productRefGroup = D38AA2FF1BE214BE00BB1679 /* Products */;
			projectDirPath = "";
			projectRoot = "";
			targets = (
				D38AA2FD1BE214BE00BB1679 /* 10-NameToFace */,
			);
		};
/* End PBXProject section */

/* Begin PBXResourcesBuildPhase section */
		D38AA2FC1BE214BE00BB1679 /* Resources */ = {
			isa = PBXResourcesBuildPhase;
			buildActionMask = 2147483647;
			files = (
				D38AA30C1BE214BF00BB1679 /* LaunchScreen.storyboard in Resources */,
				D38AA3091BE214BF00BB1679 /* Assets.xcassets in Resources */,
				D38AA3071BE214BF00BB1679 /* Main.storyboard in Resources */,
			);
			runOnlyForDeploymentPostprocessing = 0;
		};
/* End PBXResourcesBuildPhase section */

/* Begin PBXSourcesBuildPhase section */
		D38AA2FA1BE214BE00BB1679 /* Sources */ = {
			isa = PBXSourcesBuildPhase;
			buildActionMask = 2147483647;
			files = (
				D38AA3141BE218E400BB1679 /* PersonCell.swift in Sources */,
				D38AA3041BE214BF00BB1679 /* ViewController.swift in Sources */,
				D38AA3161BE2281E00BB1679 /* Person.swift in Sources */,
				D38AA3021BE214BF00BB1679 /* AppDelegate.swift in Sources */,
			);
			runOnlyForDeploymentPostprocessing = 0;
		};
/* End PBXSourcesBuildPhase section */

/* Begin PBXVariantGroup section */
		D38AA3051BE214BF00BB1679 /* Main.storyboard */ = {
			isa = PBXVariantGroup;
			children = (
				D38AA3061BE214BF00BB1679 /* Base */,
			);
			name = Main.storyboard;
			sourceTree = "<group>";
		};
		D38AA30A1BE214BF00BB1679 /* LaunchScreen.storyboard */ = {
			isa = PBXVariantGroup;
			children = (
				D38AA30B1BE214BF00BB1679 /* Base */,
			);
			name = LaunchScreen.storyboard;
			sourceTree = "<group>";
		};
/* End PBXVariantGroup section */

/* Begin XCBuildConfiguration section */
		D38AA30E1BE214BF00BB1679 /* Debug */ = {
			isa = XCBuildConfiguration;
			buildSettings = {
				ALWAYS_SEARCH_USER_PATHS = NO;
				CLANG_CXX_LANGUAGE_STANDARD = "gnu++0x";
				CLANG_CXX_LIBRARY = "libc++";
				CLANG_ENABLE_MODULES = YES;
				CLANG_ENABLE_OBJC_ARC = YES;
				CLANG_WARN_BOOL_CONVERSION = YES;
				CLANG_WARN_CONSTANT_CONVERSION = YES;
				CLANG_WARN_DIRECT_OBJC_ISA_USAGE = YES_ERROR;
				CLANG_WARN_EMPTY_BODY = YES;
				CLANG_WARN_ENUM_CONVERSION = YES;
				CLANG_WARN_INT_CONVERSION = YES;
				CLANG_WARN_OBJC_ROOT_CLASS = YES_ERROR;
				CLANG_WARN_UNREACHABLE_CODE = YES;
				CLANG_WARN__DUPLICATE_METHOD_MATCH = YES;
				"CODE_SIGN_IDENTITY[sdk=iphoneos*]" = "iPhone Developer";
				COPY_PHASE_STRIP = NO;
				DEBUG_INFORMATION_FORMAT = dwarf;
				ENABLE_STRICT_OBJC_MSGSEND = YES;
				ENABLE_TESTABILITY = YES;
				GCC_C_LANGUAGE_STANDARD = gnu99;
				GCC_DYNAMIC_NO_PIC = NO;
				GCC_NO_COMMON_BLOCKS = YES;
				GCC_OPTIMIZATION_LEVEL = 0;
				GCC_PREPROCESSOR_DEFINITIONS = (
					"DEBUG=1",
					"$(inherited)",
				);
				GCC_WARN_64_TO_32_BIT_CONVERSION = YES;
				GCC_WARN_ABOUT_RETURN_TYPE = YES_ERROR;
				GCC_WARN_UNDECLARED_SELECTOR = YES;
				GCC_WARN_UNINITIALIZED_AUTOS = YES_AGGRESSIVE;
				GCC_WARN_UNUSED_FUNCTION = YES;
				GCC_WARN_UNUSED_VARIABLE = YES;
				IPHONEOS_DEPLOYMENT_TARGET = 9.0;
				MTL_ENABLE_DEBUG_INFO = YES;
				ONLY_ACTIVE_ARCH = YES;
				SDKROOT = iphoneos;
				SWIFT_OPTIMIZATION_LEVEL = "-Onone";
				TARGETED_DEVICE_FAMILY = "1,2";
			};
			name = Debug;
		};
		D38AA30F1BE214BF00BB1679 /* Release */ = {
			isa = XCBuildConfiguration;
			buildSettings = {
				ALWAYS_SEARCH_USER_PATHS = NO;
				CLANG_CXX_LANGUAGE_STANDARD = "gnu++0x";
				CLANG_CXX_LIBRARY = "libc++";
				CLANG_ENABLE_MODULES = YES;
				CLANG_ENABLE_OBJC_ARC = YES;
				CLANG_WARN_BOOL_CONVERSION = YES;
				CLANG_WARN_CONSTANT_CONVERSION = YES;
				CLANG_WARN_DIRECT_OBJC_ISA_USAGE = YES_ERROR;
				CLANG_WARN_EMPTY_BODY = YES;
				CLANG_WARN_ENUM_CONVERSION = YES;
				CLANG_WARN_INT_CONVERSION = YES;
				CLANG_WARN_OBJC_ROOT_CLASS = YES_ERROR;
				CLANG_WARN_UNREACHABLE_CODE = YES;
				CLANG_WARN__DUPLICATE_METHOD_MATCH = YES;
				"CODE_SIGN_IDENTITY[sdk=iphoneos*]" = "iPhone Developer";
				COPY_PHASE_STRIP = NO;
				DEBUG_INFORMATION_FORMAT = "dwarf-with-dsym";
				ENABLE_NS_ASSERTIONS = NO;
				ENABLE_STRICT_OBJC_MSGSEND = YES;
				GCC_C_LANGUAGE_STANDARD = gnu99;
				GCC_NO_COMMON_BLOCKS = YES;
				GCC_WARN_64_TO_32_BIT_CONVERSION = YES;
				GCC_WARN_ABOUT_RETURN_TYPE = YES_ERROR;
				GCC_WARN_UNDECLARED_SELECTOR = YES;
				GCC_WARN_UNINITIALIZED_AUTOS = YES_AGGRESSIVE;
				GCC_WARN_UNUSED_FUNCTION = YES;
				GCC_WARN_UNUSED_VARIABLE = YES;
				IPHONEOS_DEPLOYMENT_TARGET = 9.0;
				MTL_ENABLE_DEBUG_INFO = NO;
				SDKROOT = iphoneos;
				TARGETED_DEVICE_FAMILY = "1,2";
				VALIDATE_PRODUCT = YES;
			};
			name = Release;
		};
		D38AA3111BE214BF00BB1679 /* Debug */ = {
			isa = XCBuildConfiguration;
			buildSettings = {
				ASSETCATALOG_COMPILER_APPICON_NAME = AppIcon;
				INFOPLIST_FILE = "10-NameToFace/Info.plist";
				LD_RUNPATH_SEARCH_PATHS = "$(inherited) @executable_path/Frameworks";
				PRODUCT_BUNDLE_IDENTIFIER = "-smurfs.com.-0-NameToFace";
				PRODUCT_NAME = "$(TARGET_NAME)";
			};
			name = Debug;
		};
		D38AA3121BE214BF00BB1679 /* Release */ = {
			isa = XCBuildConfiguration;
			buildSettings = {
				ASSETCATALOG_COMPILER_APPICON_NAME = AppIcon;
				INFOPLIST_FILE = "10-NameToFace/Info.plist";
				LD_RUNPATH_SEARCH_PATHS = "$(inherited) @executable_path/Frameworks";
				PRODUCT_BUNDLE_IDENTIFIER = "-smurfs.com.-0-NameToFace";
				PRODUCT_NAME = "$(TARGET_NAME)";
			};
			name = Release;
		};
/* End XCBuildConfiguration section */

/* Begin XCConfigurationList section */
		D38AA2F91BE214BE00BB1679 /* Build configuration list for PBXProject "10-NameToFace" */ = {
			isa = XCConfigurationList;
			buildConfigurations = (
				D38AA30E1BE214BF00BB1679 /* Debug */,
				D38AA30F1BE214BF00BB1679 /* Release */,
			);
			defaultConfigurationIsVisible = 0;
			defaultConfigurationName = Release;
		};
		D38AA3101BE214BF00BB1679 /* Build configuration list for PBXNativeTarget "10-NameToFace" */ = {
			isa = XCConfigurationList;
			buildConfigurations = (
				D38AA3111BE214BF00BB1679 /* Debug */,
				D38AA3121BE214BF00BB1679 /* Release */,
			);
			defaultConfigurationIsVisible = 0;
		};
/* End XCConfigurationList section */
	};
	rootObject = D38AA2F61BE214BD00BB1679 /* Project object */;
}
