// !$*UTF8*$!
{
	archiveVersion = 1;
	classes = {
	};
	objectVersion = 46;
	objects = {

/* Begin PBXBuildFile section */
		D31FA8041BDF8C6F00C46A76 /* level1.txt in Resources */ = {isa = PBXBuildFile; fileRef = D31FA8021BDF8C6F00C46A76 /* level1.txt */; settings = {ASSET_TAGS = (); }; };
		D31FA8051BDF8C6F00C46A76 /* level2.txt in Resources */ = {isa = PBXBuildFile; fileRef = D31FA8031BDF8C6F00C46A76 /* level2.txt */; settings = {ASSET_TAGS = (); }; };
		D3E9D6771BDF81130057718D /* AppDelegate.swift in Sources */ = {isa = PBXBuildFile; fileRef = D3E9D6761BDF81130057718D /* AppDelegate.swift */; };
		D3E9D6791BDF81130057718D /* ViewController.swift in Sources */ = {isa = PBXBuildFile; fileRef = D3E9D6781BDF81130057718D /* ViewController.swift */; };
		D3E9D67C1BDF81130057718D /* Main.storyboard in Resources */ = {isa = PBXBuildFile; fileRef = D3E9D67A1BDF81130057718D /* Main.storyboard */; };
		D3E9D67E1BDF81130057718D /* Assets.xcassets in Resources */ = {isa = PBXBuildFile; fileRef = D3E9D67D1BDF81130057718D /* Assets.xcassets */; };
		D3E9D6811BDF81130057718D /* LaunchScreen.storyboard in Resources */ = {isa = PBXBuildFile; fileRef = D3E9D67F1BDF81130057718D /* LaunchScreen.storyboard */; };
/* End PBXBuildFile section */

/* Begin PBXFileReference section */
		D31FA8021BDF8C6F00C46A76 /* level1.txt */ = {isa = PBXFileReference; fileEncoding = 4; lastKnownFileType = text; path = level1.txt; sourceTree = "<group>"; };
		D31FA8031BDF8C6F00C46A76 /* level2.txt */ = {isa = PBXFileReference; fileEncoding = 4; lastKnownFileType = text; path = level2.txt; sourceTree = "<group>"; };
		D3E9D6731BDF81130057718D /* 08-SwiftyWords.app */ = {isa = PBXFileReference; explicitFileType = wrapper.application; includeInIndex = 0; path = "08-SwiftyWords.app"; sourceTree = BUILT_PRODUCTS_DIR; };
		D3E9D6761BDF81130057718D /* AppDelegate.swift */ = {isa = PBXFileReference; lastKnownFileType = sourcecode.swift; path = AppDelegate.swift; sourceTree = "<group>"; };
		D3E9D6781BDF81130057718D /* ViewController.swift */ = {isa = PBXFileReference; lastKnownFileType = sourcecode.swift; path = ViewController.swift; sourceTree = "<group>"; };
		D3E9D67B1BDF81130057718D /* Base */ = {isa = PBXFileReference; lastKnownFileType = file.storyboard; name = Base; path = Base.lproj/Main.storyboard; sourceTree = "<group>"; };
		D3E9D67D1BDF81130057718D /* Assets.xcassets */ = {isa = PBXFileReference; lastKnownFileType = folder.assetcatalog; path = Assets.xcassets; sourceTree = "<group>"; };
		D3E9D6801BDF81130057718D /* Base */ = {isa = PBXFileReference; lastKnownFileType = file.storyboard; name = Base; path = Base.lproj/LaunchScreen.storyboard; sourceTree = "<group>"; };
		D3E9D6821BDF81130057718D /* Info.plist */ = {isa = PBXFileReference; lastKnownFileType = text.plist.xml; path = Info.plist; sourceTree = "<group>"; };
/* End PBXFileReference section */

/* Begin PBXFrameworksBuildPhase section */
		D3E9D6701BDF81130057718D /* Frameworks */ = {
			isa = PBXFrameworksBuildPhase;
			buildActionMask = 2147483647;
			files = (
			);
			runOnlyForDeploymentPostprocessing = 0;
		};
/* End PBXFrameworksBuildPhase section */

/* Begin PBXGroup section */
		D3E9D66A1BDF81130057718D = {
			isa = PBXGroup;
			children = (
				D3E9D6751BDF81130057718D /* 08-SwiftyWords */,
				D3E9D6741BDF81130057718D /* Products */,
			);
			sourceTree = "<group>";
		};
		D3E9D6741BDF81130057718D /* Products */ = {
			isa = PBXGroup;
			children = (
				D3E9D6731BDF81130057718D /* 08-SwiftyWords.app */,
			);
			name = Products;
			sourceTree = "<group>";
		};
		D3E9D6751BDF81130057718D /* 08-SwiftyWords */ = {
			isa = PBXGroup;
			children = (
				D3E9D6761BDF81130057718D /* AppDelegate.swift */,
				D3E9D6781BDF81130057718D /* ViewController.swift */,
				D3E9D67A1BDF81130057718D /* Main.storyboard */,
				D3E9D67D1BDF81130057718D /* Assets.xcassets */,
				D3E9D67F1BDF81130057718D /* LaunchScreen.storyboard */,
				D3E9D6821BDF81130057718D /* Info.plist */,
				D31FA8021BDF8C6F00C46A76 /* level1.txt */,
				D31FA8031BDF8C6F00C46A76 /* level2.txt */,
			);
			path = "08-SwiftyWords";
			sourceTree = "<group>";
		};
/* End PBXGroup section */

/* Begin PBXNativeTarget section */
		D3E9D6721BDF81130057718D /* 08-SwiftyWords */ = {
			isa = PBXNativeTarget;
			buildConfigurationList = D3E9D6851BDF81130057718D /* Build configuration list for PBXNativeTarget "08-SwiftyWords" */;
			buildPhases = (
				D3E9D66F1BDF81130057718D /* Sources */,
				D3E9D6701BDF81130057718D /* Frameworks */,
				D3E9D6711BDF81130057718D /* Resources */,
			);
			buildRules = (
			);
			dependencies = (
			);
			name = "08-SwiftyWords";
			productName = "08-SwiftyWords";
			productReference = D3E9D6731BDF81130057718D /* 08-SwiftyWords.app */;
			productType = "com.apple.product-type.application";
		};
/* End PBXNativeTarget section */

/* Begin PBXProject section */
		D3E9D66B1BDF81130057718D /* Project object */ = {
			isa = PBXProject;
			attributes = {
				LastUpgradeCheck = 0700;
				ORGANIZATIONNAME = 3Smurfs;
				TargetAttributes = {
					D3E9D6721BDF81130057718D = {
						CreatedOnToolsVersion = 7.0;
						DevelopmentTeam = JZ92YFTR72;
					};
				};
			};
			buildConfigurationList = D3E9D66E1BDF81130057718D /* Build configuration list for PBXProject "08-SwiftyWords" */;
			compatibilityVersion = "Xcode 3.2";
			developmentRegion = English;
			hasScannedForEncodings = 0;
			knownRegions = (
				en,
				Base,
			);
			mainGroup = D3E9D66A1BDF81130057718D;
			productRefGroup = D3E9D6741BDF81130057718D /* Products */;
			projectDirPath = "";
			projectRoot = "";
			targets = (
				D3E9D6721BDF81130057718D /* 08-SwiftyWords */,
			);
		};
/* End PBXProject section */

/* Begin PBXResourcesBuildPhase section */
		D3E9D6711BDF81130057718D /* Resources */ = {
			isa = PBXResourcesBuildPhase;
			buildActionMask = 2147483647;
			files = (
				D31FA8051BDF8C6F00C46A76 /* level2.txt in Resources */,
				D3E9D6811BDF81130057718D /* LaunchScreen.storyboard in Resources */,
				D31FA8041BDF8C6F00C46A76 /* level1.txt in Resources */,
				D3E9D67E1BDF81130057718D /* Assets.xcassets in Resources */,
				D3E9D67C1BDF81130057718D /* Main.storyboard in Resources */,
			);
			runOnlyForDeploymentPostprocessing = 0;
		};
/* End PBXResourcesBuildPhase section */

/* Begin PBXSourcesBuildPhase section */
		D3E9D66F1BDF81130057718D /* Sources */ = {
			isa = PBXSourcesBuildPhase;
			buildActionMask = 2147483647;
			files = (
				D3E9D6791BDF81130057718D /* ViewController.swift in Sources */,
				D3E9D6771BDF81130057718D /* AppDelegate.swift in Sources */,
			);
			runOnlyForDeploymentPostprocessing = 0;
		};
/* End PBXSourcesBuildPhase section */

/* Begin PBXVariantGroup section */
		D3E9D67A1BDF81130057718D /* Main.storyboard */ = {
			isa = PBXVariantGroup;
			children = (
				D3E9D67B1BDF81130057718D /* Base */,
			);
			name = Main.storyboard;
			sourceTree = "<group>";
		};
		D3E9D67F1BDF81130057718D /* LaunchScreen.storyboard */ = {
			isa = PBXVariantGroup;
			children = (
				D3E9D6801BDF81130057718D /* Base */,
			);
			name = LaunchScreen.storyboard;
			sourceTree = "<group>";
		};
/* End PBXVariantGroup section */

/* Begin XCBuildConfiguration section */
		D3E9D6831BDF81130057718D /* Debug */ = {
			isa = XCBuildConfiguration;
			buildSettings = {
				ALWAYS_SEARCH_USER_PATHS = NO;
				CLANG_CXX_LANGUAGE_STANDARD = "gnu++0x";
				CLANG_CXX_LIBRARY = "libc++";
				CLANG_ENABLE_MODULES = YES;
				CLANG_ENABLE_OBJC_ARC = YES;
				CLANG_WARN_BOOL_CONVERSION = YES;
				CLANG_WARN_CONSTANT_CONVERSION = YES;
				CLANG_WARN_DIRECT_OBJC_ISA_USAGE = YES_ERROR;
				CLANG_WARN_EMPTY_BODY = YES;
				CLANG_WARN_ENUM_CONVERSION = YES;
				CLANG_WARN_INT_CONVERSION = YES;
				CLANG_WARN_OBJC_ROOT_CLASS = YES_ERROR;
				CLANG_WARN_UNREACHABLE_CODE = YES;
				CLANG_WARN__DUPLICATE_METHOD_MATCH = YES;
				"CODE_SIGN_IDENTITY[sdk=iphoneos*]" = "iPhone Developer";
				COPY_PHASE_STRIP = NO;
				DEBUG_INFORMATION_FORMAT = dwarf;
				ENABLE_STRICT_OBJC_MSGSEND = YES;
				ENABLE_TESTABILITY = YES;
				GCC_C_LANGUAGE_STANDARD = gnu99;
				GCC_DYNAMIC_NO_PIC = NO;
				GCC_NO_COMMON_BLOCKS = YES;
				GCC_OPTIMIZATION_LEVEL = 0;
				GCC_PREPROCESSOR_DEFINITIONS = (
					"DEBUG=1",
					"$(inherited)",
				);
				GCC_WARN_64_TO_32_BIT_CONVERSION = YES;
				GCC_WARN_ABOUT_RETURN_TYPE = YES_ERROR;
				GCC_WARN_UNDECLARED_SELECTOR = YES;
				GCC_WARN_UNINITIALIZED_AUTOS = YES_AGGRESSIVE;
				GCC_WARN_UNUSED_FUNCTION = YES;
				GCC_WARN_UNUSED_VARIABLE = YES;
				IPHONEOS_DEPLOYMENT_TARGET = 9.0;
				MTL_ENABLE_DEBUG_INFO = YES;
				ONLY_ACTIVE_ARCH = YES;
				SDKROOT = iphoneos;
				SWIFT_OPTIMIZATION_LEVEL = "-Onone";
				TARGETED_DEVICE_FAMILY = 2;
			};
			name = Debug;
		};
		D3E9D6841BDF81130057718D /* Release */ = {
			isa = XCBuildConfiguration;
			buildSettings = {
				ALWAYS_SEARCH_USER_PATHS = NO;
				CLANG_CXX_LANGUAGE_STANDARD = "gnu++0x";
				CLANG_CXX_LIBRARY = "libc++";
				CLANG_ENABLE_MODULES = YES;
				CLANG_ENABLE_OBJC_ARC = YES;
				CLANG_WARN_BOOL_CONVERSION = YES;
				CLANG_WARN_CONSTANT_CONVERSION = YES;
				CLANG_WARN_DIRECT_OBJC_ISA_USAGE = YES_ERROR;
				CLANG_WARN_EMPTY_BODY = YES;
				CLANG_WARN_ENUM_CONVERSION = YES;
				CLANG_WARN_INT_CONVERSION = YES;
				CLANG_WARN_OBJC_ROOT_CLASS = YES_ERROR;
				CLANG_WARN_UNREACHABLE_CODE = YES;
				CLANG_WARN__DUPLICATE_METHOD_MATCH = YES;
				"CODE_SIGN_IDENTITY[sdk=iphoneos*]" = "iPhone Developer";
				COPY_PHASE_STRIP = NO;
				DEBUG_INFORMATION_FORMAT = "dwarf-with-dsym";
				ENABLE_NS_ASSERTIONS = NO;
				ENABLE_STRICT_OBJC_MSGSEND = YES;
				GCC_C_LANGUAGE_STANDARD = gnu99;
				GCC_NO_COMMON_BLOCKS = YES;
				GCC_WARN_64_TO_32_BIT_CONVERSION = YES;
				GCC_WARN_ABOUT_RETURN_TYPE = YES_ERROR;
				GCC_WARN_UNDECLARED_SELECTOR = YES;
				GCC_WARN_UNINITIALIZED_AUTOS = YES_AGGRESSIVE;
				GCC_WARN_UNUSED_FUNCTION = YES;
				GCC_WARN_UNUSED_VARIABLE = YES;
				IPHONEOS_DEPLOYMENT_TARGET = 9.0;
				MTL_ENABLE_DEBUG_INFO = NO;
				SDKROOT = iphoneos;
				TARGETED_DEVICE_FAMILY = 2;
				VALIDATE_PRODUCT = YES;
			};
			name = Release;
		};
		D3E9D6861BDF81130057718D /* Debug */ = {
			isa = XCBuildConfiguration;
			buildSettings = {
				ASSETCATALOG_COMPILER_APPICON_NAME = AppIcon;
				INFOPLIST_FILE = "08-SwiftyWords/Info.plist";
				LD_RUNPATH_SEARCH_PATHS = "$(inherited) @executable_path/Frameworks";
				PRODUCT_BUNDLE_IDENTIFIER = "-smurfs.com.-8-SwiftyWords";
				PRODUCT_NAME = "$(TARGET_NAME)";
			};
			name = Debug;
		};
		D3E9D6871BDF81130057718D /* Release */ = {
			isa = XCBuildConfiguration;
			buildSettings = {
				ASSETCATALOG_COMPILER_APPICON_NAME = AppIcon;
				INFOPLIST_FILE = "08-SwiftyWords/Info.plist";
				LD_RUNPATH_SEARCH_PATHS = "$(inherited) @executable_path/Frameworks";
				PRODUCT_BUNDLE_IDENTIFIER = "-smurfs.com.-8-SwiftyWords";
				PRODUCT_NAME = "$(TARGET_NAME)";
			};
			name = Release;
		};
/* End XCBuildConfiguration section */

/* Begin XCConfigurationList section */
		D3E9D66E1BDF81130057718D /* Build configuration list for PBXProject "08-SwiftyWords" */ = {
			isa = XCConfigurationList;
			buildConfigurations = (
				D3E9D6831BDF81130057718D /* Debug */,
				D3E9D6841BDF81130057718D /* Release */,
			);
			defaultConfigurationIsVisible = 0;
			defaultConfigurationName = Release;
		};
		D3E9D6851BDF81130057718D /* Build configuration list for PBXNativeTarget "08-SwiftyWords" */ = {
			isa = XCConfigurationList;
			buildConfigurations = (
				D3E9D6861BDF81130057718D /* Debug */,
				D3E9D6871BDF81130057718D /* Release */,
			);
			defaultConfigurationIsVisible = 0;
			defaultConfigurationName = Release;
		};
/* End XCConfigurationList section */
	};
	rootObject = D3E9D66B1BDF81130057718D /* Project object */;
}
